
Microsoft Visual Studio Solution File, Format Version 12.00
# Visual Studio Version 16
VisualStudioVersion = 16.0.33214.272
MinimumVisualStudioVersion = 10.0.40219.1
Project("{F184B08F-C81C-45F6-A57F-5ABD9991F28F}") = "Midterm_ConverterApp_CPSC3118", "Midterm_ConverterApp_CPSC3118.vbproj", "{27EFC6A8-ED59-4121-8884-05E4283E80EE}"
EndProject
Global
	GlobalSection(SolutionConfigurationPlatforms) = preSolution
		Debug|Any CPU = Debug|Any CPU
		Release|Any CPU = Release|Any CPU
	EndGlobalSection
	GlobalSection(ProjectConfigurationPlatforms) = postSolution
		{27EFC6A8-ED59-4121-8884-05E4283E80EE}.Debug|Any CPU.ActiveCfg = Debug|Any CPU
		{27EFC6A8-ED59-4121-8884-05E4283E80EE}.Debug|Any CPU.Build.0 = Debug|Any CPU
		{27EFC6A8-ED59-4121-8884-05E4283E80EE}.Release|Any CPU.ActiveCfg = Release|Any CPU
		{27EFC6A8-ED59-4121-8884-05E4283E80EE}.Release|Any CPU.Build.0 = Release|Any CPU
	EndGlobalSection
	GlobalSection(SolutionProperties) = preSolution
		HideSolutionNode = FALSE
	EndGlobalSection
	GlobalSection(ExtensibilityGlobals) = postSolution
		SolutionGuid = {C8E75489-8410-4A37-97A2-05C8E9268C74}
	EndGlobalSection
EndGlobal
